// !$*UTF8*$!
{
	archiveVersion = 1;
	classes = {
	};
	objectVersion = 51;
	objects = {

/* Begin PBXBuildFile section */
		0344420193811B782DED9F5B /* Pods_Todoey.framework in Frameworks */ = {isa = PBXBuildFile; fileRef = E69B70E784A50C2B7414BB61 /* Pods_Todoey.framework */; };
		CB7FC9DC250D1D4C00B3CBF7 /* AppDelegate.swift in Sources */ = {isa = PBXBuildFile; fileRef = CB7FC9DB250D1D4C00B3CBF7 /* AppDelegate.swift */; };
		CB7FC9DE250D1D4C00B3CBF7 /* SceneDelegate.swift in Sources */ = {isa = PBXBuildFile; fileRef = CB7FC9DD250D1D4C00B3CBF7 /* SceneDelegate.swift */; };
		CB7FC9E0250D1D4C00B3CBF7 /* TodoListViewController.swift in Sources */ = {isa = PBXBuildFile; fileRef = CB7FC9DF250D1D4C00B3CBF7 /* TodoListViewController.swift */; };
		CB7FC9E3250D1D4C00B3CBF7 /* Main.storyboard in Resources */ = {isa = PBXBuildFile; fileRef = CB7FC9E1250D1D4C00B3CBF7 /* Main.storyboard */; };
		CB7FC9E5250D1D4C00B3CBF7 /* Assets.xcassets in Resources */ = {isa = PBXBuildFile; fileRef = CB7FC9E4250D1D4C00B3CBF7 /* Assets.xcassets */; };
		CB7FC9E8250D1D4C00B3CBF7 /* LaunchScreen.storyboard in Resources */ = {isa = PBXBuildFile; fileRef = CB7FC9E6250D1D4C00B3CBF7 /* LaunchScreen.storyboard */; };
		CB7FCA1C25103DD400B3CBF7 /* CategoryViewController.swift in Sources */ = {isa = PBXBuildFile; fileRef = CB7FCA1B25103DD400B3CBF7 /* CategoryViewController.swift */; };
		CBC8CCF42510FFD100E36778 /* Item.swift in Sources */ = {isa = PBXBuildFile; fileRef = CBC8CCF32510FFD100E36778 /* Item.swift */; };
		CBC8CCF62510FFDC00E36778 /* Category.swift in Sources */ = {isa = PBXBuildFile; fileRef = CBC8CCF52510FFDC00E36778 /* Category.swift */; };
		CBC8CCF82511D60B00E36778 /* SwipeTableViewController.swift in Sources */ = {isa = PBXBuildFile; fileRef = CBC8CCF72511D60B00E36778 /* SwipeTableViewController.swift */; };
/* End PBXBuildFile section */

/* Begin PBXFileReference section */
		0A70755A75FD053E29D2D321 /* Pods-Todoey.release.xcconfig */ = {isa = PBXFileReference; includeInIndex = 1; lastKnownFileType = text.xcconfig; name = "Pods-Todoey.release.xcconfig"; path = "Target Support Files/Pods-Todoey/Pods-Todoey.release.xcconfig"; sourceTree = "<group>"; };
		43862F4C33B312895C885705 /* Pods-Todoey.debug.xcconfig */ = {isa = PBXFileReference; includeInIndex = 1; lastKnownFileType = text.xcconfig; name = "Pods-Todoey.debug.xcconfig"; path = "Target Support Files/Pods-Todoey/Pods-Todoey.debug.xcconfig"; sourceTree = "<group>"; };
		CB7FC9D8250D1D4C00B3CBF7 /* Todoey.app */ = {isa = PBXFileReference; explicitFileType = wrapper.application; includeInIndex = 0; path = Todoey.app; sourceTree = BUILT_PRODUCTS_DIR; };
		CB7FC9DB250D1D4C00B3CBF7 /* AppDelegate.swift */ = {isa = PBXFileReference; lastKnownFileType = sourcecode.swift; path = AppDelegate.swift; sourceTree = "<group>"; };
		CB7FC9DD250D1D4C00B3CBF7 /* SceneDelegate.swift */ = {isa = PBXFileReference; lastKnownFileType = sourcecode.swift; path = SceneDelegate.swift; sourceTree = "<group>"; };
		CB7FC9DF250D1D4C00B3CBF7 /* TodoListViewController.swift */ = {isa = PBXFileReference; lastKnownFileType = sourcecode.swift; path = TodoListViewController.swift; sourceTree = "<group>"; };
		CB7FC9E2250D1D4C00B3CBF7 /* Base */ = {isa = PBXFileReference; lastKnownFileType = file.storyboard; name = Base; path = Base.lproj/Main.storyboard; sourceTree = "<group>"; };
		CB7FC9E4250D1D4C00B3CBF7 /* Assets.xcassets */ = {isa = PBXFileReference; lastKnownFileType = folder.assetcatalog; path = Assets.xcassets; sourceTree = "<group>"; };
		CB7FC9E7250D1D4C00B3CBF7 /* Base */ = {isa = PBXFileReference; lastKnownFileType = file.storyboard; name = Base; path = Base.lproj/LaunchScreen.storyboard; sourceTree = "<group>"; };
		CB7FC9E9250D1D4C00B3CBF7 /* Info.plist */ = {isa = PBXFileReference; lastKnownFileType = text.plist.xml; path = Info.plist; sourceTree = "<group>"; };
		CB7FCA1B25103DD400B3CBF7 /* CategoryViewController.swift */ = {isa = PBXFileReference; lastKnownFileType = sourcecode.swift; path = CategoryViewController.swift; sourceTree = "<group>"; };
		CBC8CCF32510FFD100E36778 /* Item.swift */ = {isa = PBXFileReference; lastKnownFileType = sourcecode.swift; path = Item.swift; sourceTree = "<group>"; };
		CBC8CCF52510FFDC00E36778 /* Category.swift */ = {isa = PBXFileReference; lastKnownFileType = sourcecode.swift; path = Category.swift; sourceTree = "<group>"; };
		CBC8CCF72511D60B00E36778 /* SwipeTableViewController.swift */ = {isa = PBXFileReference; lastKnownFileType = sourcecode.swift; path = SwipeTableViewController.swift; sourceTree = "<group>"; };
		E69B70E784A50C2B7414BB61 /* Pods_Todoey.framework */ = {isa = PBXFileReference; explicitFileType = wrapper.framework; includeInIndex = 0; path = Pods_Todoey.framework; sourceTree = BUILT_PRODUCTS_DIR; };
/* End PBXFileReference section */

/* Begin PBXFrameworksBuildPhase section */
		CB7FC9D5250D1D4C00B3CBF7 /* Frameworks */ = {
			isa = PBXFrameworksBuildPhase;
			buildActionMask = 2147483647;
			files = (
				0344420193811B782DED9F5B /* Pods_Todoey.framework in Frameworks */,
			);
			runOnlyForDeploymentPostprocessing = 0;
		};
/* End PBXFrameworksBuildPhase section */

/* Begin PBXGroup section */
		1796DB5F7B6A6BA5BF23D2F7 /* Frameworks */ = {
			isa = PBXGroup;
			children = (
				E69B70E784A50C2B7414BB61 /* Pods_Todoey.framework */,
			);
			name = Frameworks;
			sourceTree = "<group>";
		};
		979C59633CCFFDE6D87430A0 /* Pods */ = {
			isa = PBXGroup;
			children = (
				43862F4C33B312895C885705 /* Pods-Todoey.debug.xcconfig */,
				0A70755A75FD053E29D2D321 /* Pods-Todoey.release.xcconfig */,
			);
			path = Pods;
			sourceTree = "<group>";
		};
		CB7FC9CF250D1D4C00B3CBF7 = {
			isa = PBXGroup;
			children = (
				CB7FC9DA250D1D4C00B3CBF7 /* Todoey */,
				CB7FC9D9250D1D4C00B3CBF7 /* Products */,
				979C59633CCFFDE6D87430A0 /* Pods */,
				1796DB5F7B6A6BA5BF23D2F7 /* Frameworks */,
			);
			sourceTree = "<group>";
		};
		CB7FC9D9250D1D4C00B3CBF7 /* Products */ = {
			isa = PBXGroup;
			children = (
				CB7FC9D8250D1D4C00B3CBF7 /* Todoey.app */,
			);
			name = Products;
			sourceTree = "<group>";
		};
		CB7FC9DA250D1D4C00B3CBF7 /* Todoey */ = {
			isa = PBXGroup;
			children = (
				CB7FC9DB250D1D4C00B3CBF7 /* AppDelegate.swift */,
				CB7FC9DD250D1D4C00B3CBF7 /* SceneDelegate.swift */,
				CB7FC9F1250FB13A00B3CBF7 /* Model */,
				CB7FC9F2250FB14500B3CBF7 /* Controllers */,
				CB7FC9F3250FB14D00B3CBF7 /* Views */,
				CB7FC9F4250FB15600B3CBF7 /* Supporting Files */,
				CB7FC9E9250D1D4C00B3CBF7 /* Info.plist */,
			);
			path = Todoey;
			sourceTree = "<group>";
		};
		CB7FC9F1250FB13A00B3CBF7 /* Model */ = {
			isa = PBXGroup;
			children = (
				CBC8CCF52510FFDC00E36778 /* Category.swift */,
				CBC8CCF32510FFD100E36778 /* Item.swift */,
			);
			path = Model;
			sourceTree = "<group>";
		};
		CB7FC9F2250FB14500B3CBF7 /* Controllers */ = {
			isa = PBXGroup;
			children = (
				CB7FCA1B25103DD400B3CBF7 /* CategoryViewController.swift */,
				CB7FC9DF250D1D4C00B3CBF7 /* TodoListViewController.swift */,
				CBC8CCF72511D60B00E36778 /* SwipeTableViewController.swift */,
			);
			path = Controllers;
			sourceTree = "<group>";
		};
		CB7FC9F3250FB14D00B3CBF7 /* Views */ = {
			isa = PBXGroup;
			children = (
				CB7FC9E1250D1D4C00B3CBF7 /* Main.storyboard */,
			);
			path = Views;
			sourceTree = "<group>";
		};
		CB7FC9F4250FB15600B3CBF7 /* Supporting Files */ = {
			isa = PBXGroup;
			children = (
				CB7FC9E4250D1D4C00B3CBF7 /* Assets.xcassets */,
				CB7FC9E6250D1D4C00B3CBF7 /* LaunchScreen.storyboard */,
			);
			path = "Supporting Files";
			sourceTree = "<group>";
		};
/* End PBXGroup section */

/* Begin PBXNativeTarget section */
		CB7FC9D7250D1D4C00B3CBF7 /* Todoey */ = {
			isa = PBXNativeTarget;
			buildConfigurationList = CB7FC9EC250D1D4C00B3CBF7 /* Build configuration list for PBXNativeTarget "Todoey" */;
			buildPhases = (
				F030327D827A038ADD606FDE /* [CP] Check Pods Manifest.lock */,
				CB7FC9D4250D1D4C00B3CBF7 /* Sources */,
				CB7FC9D5250D1D4C00B3CBF7 /* Frameworks */,
				CB7FC9D6250D1D4C00B3CBF7 /* Resources */,
				B92FE8E1FD03FBBD5DCAFA0E /* [CP] Embed Pods Frameworks */,
			);
			buildRules = (
			);
			dependencies = (
			);
			name = Todoey;
			productName = Todoey;
			productReference = CB7FC9D8250D1D4C00B3CBF7 /* Todoey.app */;
			productType = "com.apple.product-type.application";
		};
/* End PBXNativeTarget section */

/* Begin PBXProject section */
		CB7FC9D0250D1D4C00B3CBF7 /* Project object */ = {
			isa = PBXProject;
			attributes = {
				LastSwiftUpdateCheck = 1170;
				LastUpgradeCheck = 1170;
				ORGANIZATIONNAME = "Herbert Dodge";
				TargetAttributes = {
					CB7FC9D7250D1D4C00B3CBF7 = {
						CreatedOnToolsVersion = 11.7;
					};
				};
			};
			buildConfigurationList = CB7FC9D3250D1D4C00B3CBF7 /* Build configuration list for PBXProject "Todoey" */;
			compatibilityVersion = "Xcode 9.3";
			developmentRegion = en;
			hasScannedForEncodings = 0;
			knownRegions = (
				en,
				Base,
			);
			mainGroup = CB7FC9CF250D1D4C00B3CBF7;
			productRefGroup = CB7FC9D9250D1D4C00B3CBF7 /* Products */;
			projectDirPath = "";
			projectRoot = "";
			targets = (
				CB7FC9D7250D1D4C00B3CBF7 /* Todoey */,
			);
		};
/* End PBXProject section */

/* Begin PBXResourcesBuildPhase section */
		CB7FC9D6250D1D4C00B3CBF7 /* Resources */ = {
			isa = PBXResourcesBuildPhase;
			buildActionMask = 2147483647;
			files = (
				CB7FC9E8250D1D4C00B3CBF7 /* LaunchScreen.storyboard in Resources */,
				CB7FC9E5250D1D4C00B3CBF7 /* Assets.xcassets in Resources */,
				CB7FC9E3250D1D4C00B3CBF7 /* Main.storyboard in Resources */,
			);
			runOnlyForDeploymentPostprocessing = 0;
		};
/* End PBXResourcesBuildPhase section */

/* Begin PBXShellScriptBuildPhase section */
		B92FE8E1FD03FBBD5DCAFA0E /* [CP] Embed Pods Frameworks */ = {
			isa = PBXShellScriptBuildPhase;
			buildActionMask = 2147483647;
			files = (
			);
			inputFileListPaths = (
				"${PODS_ROOT}/Target Support Files/Pods-Todoey/Pods-Todoey-frameworks-${CONFIGURATION}-input-files.xcfilelist",
			);
			name = "[CP] Embed Pods Frameworks";
			outputFileListPaths = (
				"${PODS_ROOT}/Target Support Files/Pods-Todoey/Pods-Todoey-frameworks-${CONFIGURATION}-output-files.xcfilelist",
			);
			runOnlyForDeploymentPostprocessing = 0;
			shellPath = /bin/sh;
			shellScript = "\"${PODS_ROOT}/Target Support Files/Pods-Todoey/Pods-Todoey-frameworks.sh\"\n";
			showEnvVarsInLog = 0;
		};
		F030327D827A038ADD606FDE /* [CP] Check Pods Manifest.lock */ = {
			isa = PBXShellScriptBuildPhase;
			buildActionMask = 2147483647;
			files = (
			);
			inputFileListPaths = (
			);
			inputPaths = (
				"${PODS_PODFILE_DIR_PATH}/Podfile.lock",
				"${PODS_ROOT}/Manifest.lock",
			);
			name = "[CP] Check Pods Manifest.lock";
			outputFileListPaths = (
			);
			outputPaths = (
				"$(DERIVED_FILE_DIR)/Pods-Todoey-checkManifestLockResult.txt",
			);
			runOnlyForDeploymentPostprocessing = 0;
			shellPath = /bin/sh;
			shellScript = "diff \"${PODS_PODFILE_DIR_PATH}/Podfile.lock\" \"${PODS_ROOT}/Manifest.lock\" > /dev/null\nif [ $? != 0 ] ; then\n    # print error to STDERR\n    echo \"error: The sandbox is not in sync with the Podfile.lock. Run 'pod install' or update your CocoaPods installation.\" >&2\n    exit 1\nfi\n# This output is used by Xcode 'outputs' to avoid re-running this script phase.\necho \"SUCCESS\" > \"${SCRIPT_OUTPUT_FILE_0}\"\n";
			showEnvVarsInLog = 0;
		};
/* End PBXShellScriptBuildPhase section */

/* Begin PBXSourcesBuildPhase section */
		CB7FC9D4250D1D4C00B3CBF7 /* Sources */ = {
			isa = PBXSourcesBuildPhase;
			buildActionMask = 2147483647;
			files = (
				CB7FCA1C25103DD400B3CBF7 /* CategoryViewController.swift in Sources */,
				CB7FC9E0250D1D4C00B3CBF7 /* TodoListViewController.swift in Sources */,
				CB7FC9DC250D1D4C00B3CBF7 /* AppDelegate.swift in Sources */,
				CBC8CCF82511D60B00E36778 /* SwipeTableViewController.swift in Sources */,
				CBC8CCF42510FFD100E36778 /* Item.swift in Sources */,
				CB7FC9DE250D1D4C00B3CBF7 /* SceneDelegate.swift in Sources */,
				CBC8CCF62510FFDC00E36778 /* Category.swift in Sources */,
			);
			runOnlyForDeploymentPostprocessing = 0;
		};
/* End PBXSourcesBuildPhase section */

/* Begin PBXVariantGroup section */
		CB7FC9E1250D1D4C00B3CBF7 /* Main.storyboard */ = {
			isa = PBXVariantGroup;
			children = (
				CB7FC9E2250D1D4C00B3CBF7 /* Base */,
			);
			name = Main.storyboard;
			sourceTree = "<group>";
		};
		CB7FC9E6250D1D4C00B3CBF7 /* LaunchScreen.storyboard */ = {
			isa = PBXVariantGroup;
			children = (
				CB7FC9E7250D1D4C00B3CBF7 /* Base */,
			);
			name = LaunchScreen.storyboard;
			sourceTree = "<group>";
		};
/* End PBXVariantGroup section */

/* Begin XCBuildConfiguration section */
		CB7FC9EA250D1D4C00B3CBF7 /* Debug */ = {
			isa = XCBuildConfiguration;
			buildSettings = {
				ALWAYS_SEARCH_USER_PATHS = NO;
				CLANG_ANALYZER_NONNULL = YES;
				CLANG_ANALYZER_NUMBER_OBJECT_CONVERSION = YES_AGGRESSIVE;
				CLANG_CXX_LANGUAGE_STANDARD = "gnu++14";
				CLANG_CXX_LIBRARY = "libc++";
				CLANG_ENABLE_MODULES = YES;
				CLANG_ENABLE_OBJC_ARC = YES;
				CLANG_ENABLE_OBJC_WEAK = YES;
				CLANG_WARN_BLOCK_CAPTURE_AUTORELEASING = YES;
				CLANG_WARN_BOOL_CONVERSION = YES;
				CLANG_WARN_COMMA = YES;
				CLANG_WARN_CONSTANT_CONVERSION = YES;
				CLANG_WARN_DEPRECATED_OBJC_IMPLEMENTATIONS = YES;
				CLANG_WARN_DIRECT_OBJC_ISA_USAGE = YES_ERROR;
				CLANG_WARN_DOCUMENTATION_COMMENTS = YES;
				CLANG_WARN_EMPTY_BODY = YES;
				CLANG_WARN_ENUM_CONVERSION = YES;
				CLANG_WARN_INFINITE_RECURSION = YES;
				CLANG_WARN_INT_CONVERSION = YES;
				CLANG_WARN_NON_LITERAL_NULL_CONVERSION = YES;
				CLANG_WARN_OBJC_IMPLICIT_RETAIN_SELF = YES;
				CLANG_WARN_OBJC_LITERAL_CONVERSION = YES;
				CLANG_WARN_OBJC_ROOT_CLASS = YES_ERROR;
				CLANG_WARN_RANGE_LOOP_ANALYSIS = YES;
				CLANG_WARN_STRICT_PROTOTYPES = YES;
				CLANG_WARN_SUSPICIOUS_MOVE = YES;
				CLANG_WARN_UNGUARDED_AVAILABILITY = YES_AGGRESSIVE;
				CLANG_WARN_UNREACHABLE_CODE = YES;
				CLANG_WARN__DUPLICATE_METHOD_MATCH = YES;
				COPY_PHASE_STRIP = NO;
				DEBUG_INFORMATION_FORMAT = dwarf;
				ENABLE_STRICT_OBJC_MSGSEND = YES;
				ENABLE_TESTABILITY = YES;
				GCC_C_LANGUAGE_STANDARD = gnu11;
				GCC_DYNAMIC_NO_PIC = NO;
				GCC_NO_COMMON_BLOCKS = YES;
				GCC_OPTIMIZATION_LEVEL = 0;
				GCC_PREPROCESSOR_DEFINITIONS = (
					"DEBUG=1",
					"$(inherited)",
				);
				GCC_WARN_64_TO_32_BIT_CONVERSION = YES;
				GCC_WARN_ABOUT_RETURN_TYPE = YES_ERROR;
				GCC_WARN_UNDECLARED_SELECTOR = YES;
				GCC_WARN_UNINITIALIZED_AUTOS = YES_AGGRESSIVE;
				GCC_WARN_UNUSED_FUNCTION = YES;
				GCC_WARN_UNUSED_VARIABLE = YES;
				IPHONEOS_DEPLOYMENT_TARGET = 13.7;
				MTL_ENABLE_DEBUG_INFO = INCLUDE_SOURCE;
				MTL_FAST_MATH = YES;
				ONLY_ACTIVE_ARCH = YES;
				SDKROOT = iphoneos;
				SWIFT_ACTIVE_COMPILATION_CONDITIONS = DEBUG;
				SWIFT_OPTIMIZATION_LEVEL = "-Onone";
			};
			name = Debug;
		};
		CB7FC9EB250D1D4C00B3CBF7 /* Release */ = {
			isa = XCBuildConfiguration;
			buildSettings = {
				ALWAYS_SEARCH_USER_PATHS = NO;
				CLANG_ANALYZER_NONNULL = YES;
				CLANG_ANALYZER_NUMBER_OBJECT_CONVERSION = YES_AGGRESSIVE;
				CLANG_CXX_LANGUAGE_STANDARD = "gnu++14";
				CLANG_CXX_LIBRARY = "libc++";
				CLANG_ENABLE_MODULES = YES;
				CLANG_ENABLE_OBJC_ARC = YES;
				CLANG_ENABLE_OBJC_WEAK = YES;
				CLANG_WARN_BLOCK_CAPTURE_AUTORELEASING = YES;
				CLANG_WARN_BOOL_CONVERSION = YES;
				CLANG_WARN_COMMA = YES;
				CLANG_WARN_CONSTANT_CONVERSION = YES;
				CLANG_WARN_DEPRECATED_OBJC_IMPLEMENTATIONS = YES;
				CLANG_WARN_DIRECT_OBJC_ISA_USAGE = YES_ERROR;
				CLANG_WARN_DOCUMENTATION_COMMENTS = YES;
				CLANG_WARN_EMPTY_BODY = YES;
				CLANG_WARN_ENUM_CONVERSION = YES;
				CLANG_WARN_INFINITE_RECURSION = YES;
				CLANG_WARN_INT_CONVERSION = YES;
				CLANG_WARN_NON_LITERAL_NULL_CONVERSION = YES;
				CLANG_WARN_OBJC_IMPLICIT_RETAIN_SELF = YES;
				CLANG_WARN_OBJC_LITERAL_CONVERSION = YES;
				CLANG_WARN_OBJC_ROOT_CLASS = YES_ERROR;
				CLANG_WARN_RANGE_LOOP_ANALYSIS = YES;
				CLANG_WARN_STRICT_PROTOTYPES = YES;
				CLANG_WARN_SUSPICIOUS_MOVE = YES;
				CLANG_WARN_UNGUARDED_AVAILABILITY = YES_AGGRESSIVE;
				CLANG_WARN_UNREACHABLE_CODE = YES;
				CLANG_WARN__DUPLICATE_METHOD_MATCH = YES;
				COPY_PHASE_STRIP = NO;
				DEBUG_INFORMATION_FORMAT = "dwarf-with-dsym";
				ENABLE_NS_ASSERTIONS = NO;
				ENABLE_STRICT_OBJC_MSGSEND = YES;
				GCC_C_LANGUAGE_STANDARD = gnu11;
				GCC_NO_COMMON_BLOCKS = YES;
				GCC_WARN_64_TO_32_BIT_CONVERSION = YES;
				GCC_WARN_ABOUT_RETURN_TYPE = YES_ERROR;
				GCC_WARN_UNDECLARED_SELECTOR = YES;
				GCC_WARN_UNINITIALIZED_AUTOS = YES_AGGRESSIVE;
				GCC_WARN_UNUSED_FUNCTION = YES;
				GCC_WARN_UNUSED_VARIABLE = YES;
				IPHONEOS_DEPLOYMENT_TARGET = 13.7;
				MTL_ENABLE_DEBUG_INFO = NO;
				MTL_FAST_MATH = YES;
				SDKROOT = iphoneos;
				SWIFT_COMPILATION_MODE = wholemodule;
				SWIFT_OPTIMIZATION_LEVEL = "-O";
				VALIDATE_PRODUCT = YES;
			};
			name = Release;
		};
		CB7FC9ED250D1D4C00B3CBF7 /* Debug */ = {
			isa = XCBuildConfiguration;
			baseConfigurationReference = 43862F4C33B312895C885705 /* Pods-Todoey.debug.xcconfig */;
			buildSettings = {
				ASSETCATALOG_COMPILER_APPICON_NAME = AppIcon;
				CODE_SIGN_STYLE = Automatic;
				DEVELOPMENT_TEAM = KG5A8K7RKR;
				INFOPLIST_FILE = Todoey/Info.plist;
				LD_RUNPATH_SEARCH_PATHS = (
					"$(inherited)",
					"@executable_path/Frameworks",
				);
				PRODUCT_BUNDLE_IDENTIFIER = io.dbydesign.Todoey;
				PRODUCT_NAME = "$(TARGET_NAME)";
				SWIFT_VERSION = 5.0;
				TARGETED_DEVICE_FAMILY = "1,2";
			};
			name = Debug;
		};
		CB7FC9EE250D1D4C00B3CBF7 /* Release */ = {
			isa = XCBuildConfiguration;
			baseConfigurationReference = 0A70755A75FD053E29D2D321 /* Pods-Todoey.release.xcconfig */;
			buildSettings = {
				ASSETCATALOG_COMPILER_APPICON_NAME = AppIcon;
				CODE_SIGN_STYLE = Automatic;
				DEVELOPMENT_TEAM = KG5A8K7RKR;
				INFOPLIST_FILE = Todoey/Info.plist;
				LD_RUNPATH_SEARCH_PATHS = (
					"$(inherited)",
					"@executable_path/Frameworks",
				);
				PRODUCT_BUNDLE_IDENTIFIER = io.dbydesign.Todoey;
				PRODUCT_NAME = "$(TARGET_NAME)";
				SWIFT_VERSION = 5.0;
				TARGETED_DEVICE_FAMILY = "1,2";
			};
			name = Release;
		};
/* End XCBuildConfiguration section */

/* Begin XCConfigurationList section */
		CB7FC9D3250D1D4C00B3CBF7 /* Build configuration list for PBXProject "Todoey" */ = {
			isa = XCConfigurationList;
			buildConfigurations = (
				CB7FC9EA250D1D4C00B3CBF7 /* Debug */,
				CB7FC9EB250D1D4C00B3CBF7 /* Release */,
			);
			defaultConfigurationIsVisible = 0;
			defaultConfigurationName = Release;
		};
		CB7FC9EC250D1D4C00B3CBF7 /* Build configuration list for PBXNativeTarget "Todoey" */ = {
			isa = XCConfigurationList;
			buildConfigurations = (
				CB7FC9ED250D1D4C00B3CBF7 /* Debug */,
				CB7FC9EE250D1D4C00B3CBF7 /* Release */,
			);
			defaultConfigurationIsVisible = 0;
			defaultConfigurationName = Release;
		};
/* End XCConfigurationList section */
	};
	rootObject = CB7FC9D0250D1D4C00B3CBF7 /* Project object */;
}
